
Microsoft Visual Studio Solution File, Format Version 12.00
# Visual Studio 14
VisualStudioVersion = 14.0.25123.0
MinimumVisualStudioVersion = 10.0.40219.1
Project("{FAE04EC0-301F-11D3-BF4B-00C04F79EFBC}") = "Delegates", "Delegates\Delegates.csproj", "{462CED2D-CAE4-48E0-87FF-58CD701DB57A}"
EndProject
Project("{FAE04EC0-301F-11D3-BF4B-00C04F79EFBC}") = "Events", "Events\Events.csproj", "{C967672A-6538-40EE-B8B0-F91F0AA7E9BA}"
EndProject
Project("{FAE04EC0-301F-11D3-BF4B-00C04F79EFBC}") = "Lambdas", "Lambdas\Lambdas.csproj", "{DC4AC629-7BCE-4981-AE27-C48A66E73A14}"
EndProject
Global
	GlobalSection(SolutionConfigurationPlatforms) = preSolution
		Debug|Any CPU = Debug|Any CPU
		Release|Any CPU = Release|Any CPU
	EndGlobalSection
	GlobalSection(ProjectConfigurationPlatforms) = postSolution
		{462CED2D-CAE4-48E0-87FF-58CD701DB57A}.Debug|Any CPU.ActiveCfg = Debug|Any CPU
		{462CED2D-CAE4-48E0-87FF-58CD701DB57A}.Debug|Any CPU.Build.0 = Debug|Any CPU
		{462CED2D-CAE4-48E0-87FF-58CD701DB57A}.Release|Any CPU.ActiveCfg = Release|Any CPU
		{462CED2D-CAE4-48E0-87FF-58CD701DB57A}.Release|Any CPU.Build.0 = Release|Any CPU
		{C967672A-6538-40EE-B8B0-F91F0AA7E9BA}.Debug|Any CPU.ActiveCfg = Debug|Any CPU
		{C967672A-6538-40EE-B8B0-F91F0AA7E9BA}.Debug|Any CPU.Build.0 = Debug|Any CPU
		{C967672A-6538-40EE-B8B0-F91F0AA7E9BA}.Release|Any CPU.ActiveCfg = Release|Any CPU
		{C967672A-6538-40EE-B8B0-F91F0AA7E9BA}.Release|Any CPU.Build.0 = Release|Any CPU
		{DC4AC629-7BCE-4981-AE27-C48A66E73A14}.Debug|Any CPU.ActiveCfg = Debug|Any CPU
		{DC4AC629-7BCE-4981-AE27-C48A66E73A14}.Debug|Any CPU.Build.0 = Debug|Any CPU
		{DC4AC629-7BCE-4981-AE27-C48A66E73A14}.Release|Any CPU.ActiveCfg = Release|Any CPU
		{DC4AC629-7BCE-4981-AE27-C48A66E73A14}.Release|Any CPU.Build.0 = Release|Any CPU
	EndGlobalSection
	GlobalSection(SolutionProperties) = preSolution
		HideSolutionNode = FALSE
	EndGlobalSection
EndGlobal
